
Microsoft Visual Studio Solution File, Format Version 12.00
# Visual Studio 15
VisualStudioVersion = 15.0.28010.2046
MinimumVisualStudioVersion = 10.0.40219.1
Project("{FAE04EC0-301F-11D3-BF4B-00C04F79EFBC}") = "SimpleKeyLogger", "SimpleKeyLogger\SimpleKeyLogger.csproj", "{F022C257-B1E4-4EBC-98E8-C6EAA8662EC2}"
EndProject
Global
	GlobalSection(SolutionConfigurationPlatforms) = preSolution
		Debug|Any CPU = Debug|Any CPU
		Release|Any CPU = Release|Any CPU
	EndGlobalSection
	GlobalSection(ProjectConfigurationPlatforms) = postSolution
		{F022C257-B1E4-4EBC-98E8-C6EAA8662EC2}.Debug|Any CPU.ActiveCfg = Debug|Any CPU
		{F022C257-B1E4-4EBC-98E8-C6EAA8662EC2}.Debug|Any CPU.Build.0 = Debug|Any CPU
		{F022C257-B1E4-4EBC-98E8-C6EAA8662EC2}.Release|Any CPU.ActiveCfg = Release|Any CPU
		{F022C257-B1E4-4EBC-98E8-C6EAA8662EC2}.Release|Any CPU.Build.0 = Release|Any CPU
	EndGlobalSection
	GlobalSection(SolutionProperties) = preSolution
		HideSolutionNode = FALSE
	EndGlobalSection
	GlobalSection(ExtensibilityGlobals) = postSolution
		SolutionGuid = {23F6C131-0094-431A-B18F-89A9AB79684E}
	EndGlobalSection
EndGlobal
